// !$*UTF8*$!
{
	archiveVersion = 1;
	classes = {
	};
	objectVersion = 56;
	objects = {

/* Begin PBXBuildFile section */
		198444402C4D57AA00A58F45 /* ImageDatePicker.swift in Sources */ = {isa = PBXBuildFile; fileRef = 1984443F2C4D57AA00A58F45 /* ImageDatePicker.swift */; };
		198444442C4D61DB00A58F45 /* GetImageButton.swift in Sources */ = {isa = PBXBuildFile; fileRef = 198444432C4D61DB00A58F45 /* GetImageButton.swift */; };
		198444462C4D64AD00A58F45 /* ImageView.swift in Sources */ = {isa = PBXBuildFile; fileRef = 198444452C4D64AD00A58F45 /* ImageView.swift */; };
		198444482C4D7D3E00A58F45 /* README.md in Resources */ = {isa = PBXBuildFile; fileRef = 198444472C4D7D3E00A58F45 /* README.md */; };
		19EDC12B2C4D10C5005C0153 /* ImageOfTheDayNasaAppApp.swift in Sources */ = {isa = PBXBuildFile; fileRef = 19EDC12A2C4D10C5005C0153 /* ImageOfTheDayNasaAppApp.swift */; };
		19EDC12F2C4D10C7005C0153 /* Assets.xcassets in Resources */ = {isa = PBXBuildFile; fileRef = 19EDC12E2C4D10C7005C0153 /* Assets.xcassets */; };
		19EDC1322C4D10C7005C0153 /* Preview Assets.xcassets in Resources */ = {isa = PBXBuildFile; fileRef = 19EDC1312C4D10C7005C0153 /* Preview Assets.xcassets */; };
		19EDC13B2C4D12AA005C0153 /* MainView.swift in Sources */ = {isa = PBXBuildFile; fileRef = 19EDC13A2C4D12AA005C0153 /* MainView.swift */; };
		19EDC1402C4D1679005C0153 /* DataManager.swift in Sources */ = {isa = PBXBuildFile; fileRef = 19EDC13F2C4D1679005C0153 /* DataManager.swift */; };
/* End PBXBuildFile section */

/* Begin PBXFileReference section */
		1984443F2C4D57AA00A58F45 /* ImageDatePicker.swift */ = {isa = PBXFileReference; lastKnownFileType = sourcecode.swift; path = ImageDatePicker.swift; sourceTree = "<group>"; };
		198444432C4D61DB00A58F45 /* GetImageButton.swift */ = {isa = PBXFileReference; lastKnownFileType = sourcecode.swift; path = GetImageButton.swift; sourceTree = "<group>"; };
		198444452C4D64AD00A58F45 /* ImageView.swift */ = {isa = PBXFileReference; lastKnownFileType = sourcecode.swift; path = ImageView.swift; sourceTree = "<group>"; };
		198444472C4D7D3E00A58F45 /* README.md */ = {isa = PBXFileReference; lastKnownFileType = net.daringfireball.markdown; path = README.md; sourceTree = "<group>"; };
		19EDC1272C4D10C5005C0153 /* ImageOfTheDayNasaApp.app */ = {isa = PBXFileReference; explicitFileType = wrapper.application; includeInIndex = 0; path = ImageOfTheDayNasaApp.app; sourceTree = BUILT_PRODUCTS_DIR; };
		19EDC12A2C4D10C5005C0153 /* ImageOfTheDayNasaAppApp.swift */ = {isa = PBXFileReference; lastKnownFileType = sourcecode.swift; path = ImageOfTheDayNasaAppApp.swift; sourceTree = "<group>"; };
		19EDC12E2C4D10C7005C0153 /* Assets.xcassets */ = {isa = PBXFileReference; lastKnownFileType = folder.assetcatalog; path = Assets.xcassets; sourceTree = "<group>"; };
		19EDC1312C4D10C7005C0153 /* Preview Assets.xcassets */ = {isa = PBXFileReference; lastKnownFileType = folder.assetcatalog; path = "Preview Assets.xcassets"; sourceTree = "<group>"; };
		19EDC13A2C4D12AA005C0153 /* MainView.swift */ = {isa = PBXFileReference; lastKnownFileType = sourcecode.swift; path = MainView.swift; sourceTree = "<group>"; };
		19EDC13F2C4D1679005C0153 /* DataManager.swift */ = {isa = PBXFileReference; lastKnownFileType = sourcecode.swift; path = DataManager.swift; sourceTree = "<group>"; };
/* End PBXFileReference section */

/* Begin PBXFrameworksBuildPhase section */
		19EDC1242C4D10C5005C0153 /* Frameworks */ = {
			isa = PBXFrameworksBuildPhase;
			buildActionMask = 2147483647;
			files = (
			);
			runOnlyForDeploymentPostprocessing = 0;
		};
/* End PBXFrameworksBuildPhase section */

/* Begin PBXGroup section */
		19EDC11E2C4D10C5005C0153 = {
			isa = PBXGroup;
			children = (
				198444472C4D7D3E00A58F45 /* README.md */,
				19EDC1292C4D10C5005C0153 /* ImageOfTheDayNasaApp */,
				19EDC1282C4D10C5005C0153 /* Products */,
			);
			sourceTree = "<group>";
		};
		19EDC1282C4D10C5005C0153 /* Products */ = {
			isa = PBXGroup;
			children = (
				19EDC1272C4D10C5005C0153 /* ImageOfTheDayNasaApp.app */,
			);
			name = Products;
			sourceTree = "<group>";
		};
		19EDC1292C4D10C5005C0153 /* ImageOfTheDayNasaApp */ = {
			isa = PBXGroup;
			children = (
				19EDC12A2C4D10C5005C0153 /* ImageOfTheDayNasaAppApp.swift */,
				19EDC13C2C4D14CE005C0153 /* Managers */,
				19EDC1382C4D1209005C0153 /* Views */,
				19EDC12E2C4D10C7005C0153 /* Assets.xcassets */,
				19EDC1302C4D10C7005C0153 /* Preview Content */,
			);
			path = ImageOfTheDayNasaApp;
			sourceTree = "<group>";
		};
		19EDC1302C4D10C7005C0153 /* Preview Content */ = {
			isa = PBXGroup;
			children = (
				19EDC1312C4D10C7005C0153 /* Preview Assets.xcassets */,
			);
			path = "Preview Content";
			sourceTree = "<group>";
		};
		19EDC1382C4D1209005C0153 /* Views */ = {
			isa = PBXGroup;
			children = (
				19EDC13A2C4D12AA005C0153 /* MainView.swift */,
				1984443F2C4D57AA00A58F45 /* ImageDatePicker.swift */,
				198444432C4D61DB00A58F45 /* GetImageButton.swift */,
				198444452C4D64AD00A58F45 /* ImageView.swift */,
			);
			path = Views;
			sourceTree = "<group>";
		};
		19EDC13C2C4D14CE005C0153 /* Managers */ = {
			isa = PBXGroup;
			children = (
				19EDC13F2C4D1679005C0153 /* DataManager.swift */,
			);
			path = Managers;
			sourceTree = "<group>";
		};
/* End PBXGroup section */

/* Begin PBXNativeTarget section */
		19EDC1262C4D10C5005C0153 /* ImageOfTheDayNasaApp */ = {
			isa = PBXNativeTarget;
			buildConfigurationList = 19EDC1352C4D10C7005C0153 /* Build configuration list for PBXNativeTarget "ImageOfTheDayNasaApp" */;
			buildPhases = (
				19EDC1232C4D10C5005C0153 /* Sources */,
				19EDC1242C4D10C5005C0153 /* Frameworks */,
				19EDC1252C4D10C5005C0153 /* Resources */,
			);
			buildRules = (
			);
			dependencies = (
			);
			name = ImageOfTheDayNasaApp;
			productName = ImageOfTheDayNasaApp;
			productReference = 19EDC1272C4D10C5005C0153 /* ImageOfTheDayNasaApp.app */;
			productType = "com.apple.product-type.application";
		};
/* End PBXNativeTarget section */

/* Begin PBXProject section */
		19EDC11F2C4D10C5005C0153 /* Project object */ = {
			isa = PBXProject;
			attributes = {
				BuildIndependentTargetsInParallel = 1;
				LastSwiftUpdateCheck = 1540;
				LastUpgradeCheck = 1540;
				TargetAttributes = {
					19EDC1262C4D10C5005C0153 = {
						CreatedOnToolsVersion = 15.4;
					};
				};
			};
			buildConfigurationList = 19EDC1222C4D10C5005C0153 /* Build configuration list for PBXProject "ImageOfTheDayNasaApp" */;
			compatibilityVersion = "Xcode 14.0";
			developmentRegion = en;
			hasScannedForEncodings = 0;
			knownRegions = (
				en,
				Base,
			);
			mainGroup = 19EDC11E2C4D10C5005C0153;
			productRefGroup = 19EDC1282C4D10C5005C0153 /* Products */;
			projectDirPath = "";
			projectRoot = "";
			targets = (
				19EDC1262C4D10C5005C0153 /* ImageOfTheDayNasaApp */,
			);
		};
/* End PBXProject section */

/* Begin PBXResourcesBuildPhase section */
		19EDC1252C4D10C5005C0153 /* Resources */ = {
			isa = PBXResourcesBuildPhase;
			buildActionMask = 2147483647;
			files = (
				198444482C4D7D3E00A58F45 /* README.md in Resources */,
				19EDC1322C4D10C7005C0153 /* Preview Assets.xcassets in Resources */,
				19EDC12F2C4D10C7005C0153 /* Assets.xcassets in Resources */,
			);
			runOnlyForDeploymentPostprocessing = 0;
		};
/* End PBXResourcesBuildPhase section */

/* Begin PBXSourcesBuildPhase section */
		19EDC1232C4D10C5005C0153 /* Sources */ = {
			isa = PBXSourcesBuildPhase;
			buildActionMask = 2147483647;
			files = (
				198444462C4D64AD00A58F45 /* ImageView.swift in Sources */,
				19EDC12B2C4D10C5005C0153 /* ImageOfTheDayNasaAppApp.swift in Sources */,
				19EDC1402C4D1679005C0153 /* DataManager.swift in Sources */,
				198444442C4D61DB00A58F45 /* GetImageButton.swift in Sources */,
				19EDC13B2C4D12AA005C0153 /* MainView.swift in Sources */,
				198444402C4D57AA00A58F45 /* ImageDatePicker.swift in Sources */,
			);
			runOnlyForDeploymentPostprocessing = 0;
		};
/* End PBXSourcesBuildPhase section */

/* Begin XCBuildConfiguration section */
		19EDC1332C4D10C7005C0153 /* Debug */ = {
			isa = XCBuildConfiguration;
			buildSettings = {
				ALWAYS_SEARCH_USER_PATHS = NO;
				ASSETCATALOG_COMPILER_GENERATE_SWIFT_ASSET_SYMBOL_EXTENSIONS = YES;
				CLANG_ANALYZER_NONNULL = YES;
				CLANG_ANALYZER_NUMBER_OBJECT_CONVERSION = YES_AGGRESSIVE;
				CLANG_CXX_LANGUAGE_STANDARD = "gnu++20";
				CLANG_ENABLE_MODULES = YES;
				CLANG_ENABLE_OBJC_ARC = YES;
				CLANG_ENABLE_OBJC_WEAK = YES;
				CLANG_WARN_BLOCK_CAPTURE_AUTORELEASING = YES;
				CLANG_WARN_BOOL_CONVERSION = YES;
				CLANG_WARN_COMMA = YES;
				CLANG_WARN_CONSTANT_CONVERSION = YES;
				CLANG_WARN_DEPRECATED_OBJC_IMPLEMENTATIONS = YES;
				CLANG_WARN_DIRECT_OBJC_ISA_USAGE = YES_ERROR;
				CLANG_WARN_DOCUMENTATION_COMMENTS = YES;
				CLANG_WARN_EMPTY_BODY = YES;
				CLANG_WARN_ENUM_CONVERSION = YES;
				CLANG_WARN_INFINITE_RECURSION = YES;
				CLANG_WARN_INT_CONVERSION = YES;
				CLANG_WARN_NON_LITERAL_NULL_CONVERSION = YES;
				CLANG_WARN_OBJC_IMPLICIT_RETAIN_SELF = YES;
				CLANG_WARN_OBJC_LITERAL_CONVERSION = YES;
				CLANG_WARN_OBJC_ROOT_CLASS = YES_ERROR;
				CLANG_WARN_QUOTED_INCLUDE_IN_FRAMEWORK_HEADER = YES;
				CLANG_WARN_RANGE_LOOP_ANALYSIS = YES;
				CLANG_WARN_STRICT_PROTOTYPES = YES;
				CLANG_WARN_SUSPICIOUS_MOVE = YES;
				CLANG_WARN_UNGUARDED_AVAILABILITY = YES_AGGRESSIVE;
				CLANG_WARN_UNREACHABLE_CODE = YES;
				CLANG_WARN__DUPLICATE_METHOD_MATCH = YES;
				COPY_PHASE_STRIP = NO;
				DEBUG_INFORMATION_FORMAT = dwarf;
				ENABLE_STRICT_OBJC_MSGSEND = YES;
				ENABLE_TESTABILITY = YES;
				ENABLE_USER_SCRIPT_SANDBOXING = YES;
				GCC_C_LANGUAGE_STANDARD = gnu17;
				GCC_DYNAMIC_NO_PIC = NO;
				GCC_NO_COMMON_BLOCKS = YES;
				GCC_OPTIMIZATION_LEVEL = 0;
				GCC_PREPROCESSOR_DEFINITIONS = (
					"DEBUG=1",
					"$(inherited)",
				);
				GCC_WARN_64_TO_32_BIT_CONVERSION = YES;
				GCC_WARN_ABOUT_RETURN_TYPE = YES_ERROR;
				GCC_WARN_UNDECLARED_SELECTOR = YES;
				GCC_WARN_UNINITIALIZED_AUTOS = YES_AGGRESSIVE;
				GCC_WARN_UNUSED_FUNCTION = YES;
				GCC_WARN_UNUSED_VARIABLE = YES;
				IPHONEOS_DEPLOYMENT_TARGET = 17.5;
				LOCALIZATION_PREFERS_STRING_CATALOGS = YES;
				MTL_ENABLE_DEBUG_INFO = INCLUDE_SOURCE;
				MTL_FAST_MATH = YES;
				ONLY_ACTIVE_ARCH = YES;
				SDKROOT = iphoneos;
				SWIFT_ACTIVE_COMPILATION_CONDITIONS = "DEBUG $(inherited)";
				SWIFT_OPTIMIZATION_LEVEL = "-Onone";
			};
			name = Debug;
		};
		19EDC1342C4D10C7005C0153 /* Release */ = {
			isa = XCBuildConfiguration;
			buildSettings = {
				ALWAYS_SEARCH_USER_PATHS = NO;
				ASSETCATALOG_COMPILER_GENERATE_SWIFT_ASSET_SYMBOL_EXTENSIONS = YES;
				CLANG_ANALYZER_NONNULL = YES;
				CLANG_ANALYZER_NUMBER_OBJECT_CONVERSION = YES_AGGRESSIVE;
				CLANG_CXX_LANGUAGE_STANDARD = "gnu++20";
				CLANG_ENABLE_MODULES = YES;
				CLANG_ENABLE_OBJC_ARC = YES;
				CLANG_ENABLE_OBJC_WEAK = YES;
				CLANG_WARN_BLOCK_CAPTURE_AUTORELEASING = YES;
				CLANG_WARN_BOOL_CONVERSION = YES;
				CLANG_WARN_COMMA = YES;
				CLANG_WARN_CONSTANT_CONVERSION = YES;
				CLANG_WARN_DEPRECATED_OBJC_IMPLEMENTATIONS = YES;
				CLANG_WARN_DIRECT_OBJC_ISA_USAGE = YES_ERROR;
				CLANG_WARN_DOCUMENTATION_COMMENTS = YES;
				CLANG_WARN_EMPTY_BODY = YES;
				CLANG_WARN_ENUM_CONVERSION = YES;
				CLANG_WARN_INFINITE_RECURSION = YES;
				CLANG_WARN_INT_CONVERSION = YES;
				CLANG_WARN_NON_LITERAL_NULL_CONVERSION = YES;
				CLANG_WARN_OBJC_IMPLICIT_RETAIN_SELF = YES;
				CLANG_WARN_OBJC_LITERAL_CONVERSION = YES;
				CLANG_WARN_OBJC_ROOT_CLASS = YES_ERROR;
				CLANG_WARN_QUOTED_INCLUDE_IN_FRAMEWORK_HEADER = YES;
				CLANG_WARN_RANGE_LOOP_ANALYSIS = YES;
				CLANG_WARN_STRICT_PROTOTYPES = YES;
				CLANG_WARN_SUSPICIOUS_MOVE = YES;
				CLANG_WARN_UNGUARDED_AVAILABILITY = YES_AGGRESSIVE;
				CLANG_WARN_UNREACHABLE_CODE = YES;
				CLANG_WARN__DUPLICATE_METHOD_MATCH = YES;
				COPY_PHASE_STRIP = NO;
				DEBUG_INFORMATION_FORMAT = "dwarf-with-dsym";
				ENABLE_NS_ASSERTIONS = NO;
				ENABLE_STRICT_OBJC_MSGSEND = YES;
				ENABLE_USER_SCRIPT_SANDBOXING = YES;
				GCC_C_LANGUAGE_STANDARD = gnu17;
				GCC_NO_COMMON_BLOCKS = YES;
				GCC_WARN_64_TO_32_BIT_CONVERSION = YES;
				GCC_WARN_ABOUT_RETURN_TYPE = YES_ERROR;
				GCC_WARN_UNDECLARED_SELECTOR = YES;
				GCC_WARN_UNINITIALIZED_AUTOS = YES_AGGRESSIVE;
				GCC_WARN_UNUSED_FUNCTION = YES;
				GCC_WARN_UNUSED_VARIABLE = YES;
				IPHONEOS_DEPLOYMENT_TARGET = 17.5;
				LOCALIZATION_PREFERS_STRING_CATALOGS = YES;
				MTL_ENABLE_DEBUG_INFO = NO;
				MTL_FAST_MATH = YES;
				SDKROOT = iphoneos;
				SWIFT_COMPILATION_MODE = wholemodule;
				VALIDATE_PRODUCT = YES;
			};
			name = Release;
		};
		19EDC1362C4D10C7005C0153 /* Debug */ = {
			isa = XCBuildConfiguration;
			buildSettings = {
				ASSETCATALOG_COMPILER_APPICON_NAME = AppIcon;
				ASSETCATALOG_COMPILER_GLOBAL_ACCENT_COLOR_NAME = AccentColor;
				CODE_SIGN_STYLE = Automatic;
				CURRENT_PROJECT_VERSION = 1;
				DEVELOPMENT_ASSET_PATHS = "\"ImageOfTheDayNasaApp/Preview Content\"";
				DEVELOPMENT_TEAM = 58LF78PAA3;
				ENABLE_PREVIEWS = YES;
				GENERATE_INFOPLIST_FILE = YES;
				INFOPLIST_KEY_UIApplicationSceneManifest_Generation = YES;
				INFOPLIST_KEY_UIApplicationSupportsIndirectInputEvents = YES;
				INFOPLIST_KEY_UILaunchScreen_Generation = YES;
				INFOPLIST_KEY_UISupportedInterfaceOrientations_iPad = "UIInterfaceOrientationPortrait UIInterfaceOrientationPortraitUpsideDown UIInterfaceOrientationLandscapeLeft UIInterfaceOrientationLandscapeRight";
				INFOPLIST_KEY_UISupportedInterfaceOrientations_iPhone = "UIInterfaceOrientationPortrait UIInterfaceOrientationLandscapeLeft UIInterfaceOrientationLandscapeRight";
				LD_RUNPATH_SEARCH_PATHS = (
					"$(inherited)",
					"@executable_path/Frameworks",
				);
				MARKETING_VERSION = 1.0;
				PRODUCT_BUNDLE_IDENTIFIER = Com.Simone.IOS.ImageOfTheDayNasaApp;
				PRODUCT_NAME = "$(TARGET_NAME)";
				SWIFT_EMIT_LOC_STRINGS = YES;
				SWIFT_VERSION = 5.0;
				TARGETED_DEVICE_FAMILY = "1,2";
			};
			name = Debug;
		};
		19EDC1372C4D10C7005C0153 /* Release */ = {
			isa = XCBuildConfiguration;
			buildSettings = {
				ASSETCATALOG_COMPILER_APPICON_NAME = AppIcon;
				ASSETCATALOG_COMPILER_GLOBAL_ACCENT_COLOR_NAME = AccentColor;
				CODE_SIGN_STYLE = Automatic;
				CURRENT_PROJECT_VERSION = 1;
				DEVELOPMENT_ASSET_PATHS = "\"ImageOfTheDayNasaApp/Preview Content\"";
				DEVELOPMENT_TEAM = 58LF78PAA3;
				ENABLE_PREVIEWS = YES;
				GENERATE_INFOPLIST_FILE = YES;
				INFOPLIST_KEY_UIApplicationSceneManifest_Generation = YES;
				INFOPLIST_KEY_UIApplicationSupportsIndirectInputEvents = YES;
				INFOPLIST_KEY_UILaunchScreen_Generation = YES;
				INFOPLIST_KEY_UISupportedInterfaceOrientations_iPad = "UIInterfaceOrientationPortrait UIInterfaceOrientationPortraitUpsideDown UIInterfaceOrientationLandscapeLeft UIInterfaceOrientationLandscapeRight";
				INFOPLIST_KEY_UISupportedInterfaceOrientations_iPhone = "UIInterfaceOrientationPortrait UIInterfaceOrientationLandscapeLeft UIInterfaceOrientationLandscapeRight";
				LD_RUNPATH_SEARCH_PATHS = (
					"$(inherited)",
					"@executable_path/Frameworks",
				);
				MARKETING_VERSION = 1.0;
				PRODUCT_BUNDLE_IDENTIFIER = Com.Simone.IOS.ImageOfTheDayNasaApp;
				PRODUCT_NAME = "$(TARGET_NAME)";
				SWIFT_EMIT_LOC_STRINGS = YES;
				SWIFT_VERSION = 5.0;
				TARGETED_DEVICE_FAMILY = "1,2";
			};
			name = Release;
		};
/* End XCBuildConfiguration section */

/* Begin XCConfigurationList section */
		19EDC1222C4D10C5005C0153 /* Build configuration list for PBXProject "ImageOfTheDayNasaApp" */ = {
			isa = XCConfigurationList;
			buildConfigurations = (
				19EDC1332C4D10C7005C0153 /* Debug */,
				19EDC1342C4D10C7005C0153 /* Release */,
			);
			defaultConfigurationIsVisible = 0;
			defaultConfigurationName = Release;
		};
		19EDC1352C4D10C7005C0153 /* Build configuration list for PBXNativeTarget "ImageOfTheDayNasaApp" */ = {
			isa = XCConfigurationList;
			buildConfigurations = (
				19EDC1362C4D10C7005C0153 /* Debug */,
				19EDC1372C4D10C7005C0153 /* Release */,
			);
			defaultConfigurationIsVisible = 0;
			defaultConfigurationName = Release;
		};
/* End XCConfigurationList section */
	};
	rootObject = 19EDC11F2C4D10C5005C0153 /* Project object */;
}
